
Microsoft Visual Studio Solution File, Format Version 12.00
# Visual Studio Version 17
VisualStudioVersion = 17.8.34525.116
MinimumVisualStudioVersion = 10.0.40219.1
Project("{9A19103F-16F7-4668-BE54-9A1E7A4F7556}") = "景区系统.Application", "景区系统.Application\景区系统.Application.csproj", "{AB699EE9-43A8-46F2-A855-04A26DE63372}"
EndProject
Project("{9A19103F-16F7-4668-BE54-9A1E7A4F7556}") = "景区系统.EntityFramework.Core", "景区系统.EntityFramework.Core\景区系统.EntityFramework.Core.csproj", "{4BD77E5C-138D-4F2D-B709-F9020F306AF3}"
EndProject
Project("{9A19103F-16F7-4668-BE54-9A1E7A4F7556}") = "景区系统.Web.Core", "景区系统.Web.Core\景区系统.Web.Core.csproj", "{9D14BB78-DA2A-4040-B9DB-5A515B599181}"
EndProject
Project("{9A19103F-16F7-4668-BE54-9A1E7A4F7556}") = "景区系统.Core", "景区系统.Core\景区系统.Core.csproj", "{4FB30091-15C7-4FD9-AB7D-266814F360F5}"
EndProject
Project("{9A19103F-16F7-4668-BE54-9A1E7A4F7556}") = "景区系统.Database.Migrations", "景区系统.Database.Migrations\景区系统.Database.Migrations.csproj", "{EA769D36-9D55-47A6-945F-1687EA95179F}"
EndProject
Project("{9A19103F-16F7-4668-BE54-9A1E7A4F7556}") = "景区系统.Web.Entry", "景区系统.Web.Entry\景区系统.Web.Entry.csproj", "{9826E365-EEE9-4721-A738-B02AB64D47E5}"
EndProject
Project("{2150E333-8FDC-42A3-9474-1A3956D46DE8}") = "Core", "Core", "{DB372E4F-AC91-4ECC-BFB1-38577527A0A5}"
EndProject
Project("{9A19103F-16F7-4668-BE54-9A1E7A4F7556}") = "Core.Auth", "..\Cores\Core.Auth\Core.Auth.csproj", "{83DA84CD-D190-4581-8911-A37B69540D40}"
EndProject
Project("{9A19103F-16F7-4668-BE54-9A1E7A4F7556}") = "Core.Cache", "..\Cores\Core.Cache\Core.Cache.csproj", "{AA5F0C79-6F8D-4C99-B915-B3B5F9E4BBFE}"
EndProject
Project("{9A19103F-16F7-4668-BE54-9A1E7A4F7556}") = "Core.Entity", "..\Cores\Core.Entity\Core.Entity.csproj", "{AED36A6E-801D-47AC-8F03-CE32D6E2A335}"
EndProject
Project("{9A19103F-16F7-4668-BE54-9A1E7A4F7556}") = "Core.EntityFrameWork", "..\Cores\Core.EntityFrameWork\Core.EntityFrameWork.csproj", "{C916A22B-3B9B-4FEE-A511-499285E70EEC}"
EndProject
Project("{9A19103F-16F7-4668-BE54-9A1E7A4F7556}") = "Core.File", "..\Cores\Core.File\Core.File.csproj", "{AD3261FE-79A5-4044-8294-B837F78F3A3B}"
EndProject
Project("{9A19103F-16F7-4668-BE54-9A1E7A4F7556}") = "Core.MiddelWares", "..\Cores\Core.MiddelWares\Core.MiddelWares.csproj", "{2479A79B-15CF-482F-B03E-D0A040E5F3C9}"
EndProject
Project("{9A19103F-16F7-4668-BE54-9A1E7A4F7556}") = "Core.Queue", "..\Cores\Core.Queue\Core.Queue.csproj", "{1C4CFFBE-B957-473D-9FCE-50D90936FF7D}"
EndProject
Project("{9A19103F-16F7-4668-BE54-9A1E7A4F7556}") = "Core.Services", "..\Cores\Core.Service\Core.Services.csproj", "{48012765-FE2C-432D-931D-544AB1918BA9}"
EndProject
Project("{9A19103F-16F7-4668-BE54-9A1E7A4F7556}") = "Core.SignalR", "..\Cores\Core.SignalR\Core.SignalR.csproj", "{BBC161C0-EC28-47E6-9723-BD6119D507C0}"
EndProject
Project("{9A19103F-16F7-4668-BE54-9A1E7A4F7556}") = "Core.Socket", "..\Cores\Core.Socket\Core.Socket.csproj", "{41E32647-8AB2-4CF9-A90D-A00D2A4CAC93}"
EndProject
Project("{9A19103F-16F7-4668-BE54-9A1E7A4F7556}") = "Core.User", "..\Cores\Core.User\Core.User.csproj", "{0EBEB94F-3579-448D-813D-29F1AE759DDD}"
EndProject
Global
	GlobalSection(SolutionConfigurationPlatforms) = preSolution
		Debug|Any CPU = Debug|Any CPU
		Release|Any CPU = Release|Any CPU
	EndGlobalSection
	GlobalSection(ProjectConfigurationPlatforms) = postSolution
		{AB699EE9-43A8-46F2-A855-04A26DE63372}.Debug|Any CPU.ActiveCfg = Debug|Any CPU
		{AB699EE9-43A8-46F2-A855-04A26DE63372}.Debug|Any CPU.Build.0 = Debug|Any CPU
		{AB699EE9-43A8-46F2-A855-04A26DE63372}.Release|Any CPU.ActiveCfg = Release|Any CPU
		{AB699EE9-43A8-46F2-A855-04A26DE63372}.Release|Any CPU.Build.0 = Release|Any CPU
		{4BD77E5C-138D-4F2D-B709-F9020F306AF3}.Debug|Any CPU.ActiveCfg = Debug|Any CPU
		{4BD77E5C-138D-4F2D-B709-F9020F306AF3}.Debug|Any CPU.Build.0 = Debug|Any CPU
		{4BD77E5C-138D-4F2D-B709-F9020F306AF3}.Release|Any CPU.ActiveCfg = Release|Any CPU
		{4BD77E5C-138D-4F2D-B709-F9020F306AF3}.Release|Any CPU.Build.0 = Release|Any CPU
		{9D14BB78-DA2A-4040-B9DB-5A515B599181}.Debug|Any CPU.ActiveCfg = Debug|Any CPU
		{9D14BB78-DA2A-4040-B9DB-5A515B599181}.Debug|Any CPU.Build.0 = Debug|Any CPU
		{9D14BB78-DA2A-4040-B9DB-5A515B599181}.Release|Any CPU.ActiveCfg = Release|Any CPU
		{9D14BB78-DA2A-4040-B9DB-5A515B599181}.Release|Any CPU.Build.0 = Release|Any CPU
		{4FB30091-15C7-4FD9-AB7D-266814F360F5}.Debug|Any CPU.ActiveCfg = Debug|Any CPU
		{4FB30091-15C7-4FD9-AB7D-266814F360F5}.Debug|Any CPU.Build.0 = Debug|Any CPU
		{4FB30091-15C7-4FD9-AB7D-266814F360F5}.Release|Any CPU.ActiveCfg = Release|Any CPU
		{4FB30091-15C7-4FD9-AB7D-266814F360F5}.Release|Any CPU.Build.0 = Release|Any CPU
		{EA769D36-9D55-47A6-945F-1687EA95179F}.Debug|Any CPU.ActiveCfg = Debug|Any CPU
		{EA769D36-9D55-47A6-945F-1687EA95179F}.Debug|Any CPU.Build.0 = Debug|Any CPU
		{EA769D36-9D55-47A6-945F-1687EA95179F}.Release|Any CPU.ActiveCfg = Release|Any CPU
		{EA769D36-9D55-47A6-945F-1687EA95179F}.Release|Any CPU.Build.0 = Release|Any CPU
		{9826E365-EEE9-4721-A738-B02AB64D47E5}.Debug|Any CPU.ActiveCfg = Debug|Any CPU
		{9826E365-EEE9-4721-A738-B02AB64D47E5}.Debug|Any CPU.Build.0 = Debug|Any CPU
		{9826E365-EEE9-4721-A738-B02AB64D47E5}.Release|Any CPU.ActiveCfg = Release|Any CPU
		{9826E365-EEE9-4721-A738-B02AB64D47E5}.Release|Any CPU.Build.0 = Release|Any CPU
		{83DA84CD-D190-4581-8911-A37B69540D40}.Debug|Any CPU.ActiveCfg = Debug|Any CPU
		{83DA84CD-D190-4581-8911-A37B69540D40}.Debug|Any CPU.Build.0 = Debug|Any CPU
		{83DA84CD-D190-4581-8911-A37B69540D40}.Release|Any CPU.ActiveCfg = Release|Any CPU
		{83DA84CD-D190-4581-8911-A37B69540D40}.Release|Any CPU.Build.0 = Release|Any CPU
		{AA5F0C79-6F8D-4C99-B915-B3B5F9E4BBFE}.Debug|Any CPU.ActiveCfg = Debug|Any CPU
		{AA5F0C79-6F8D-4C99-B915-B3B5F9E4BBFE}.Debug|Any CPU.Build.0 = Debug|Any CPU
		{AA5F0C79-6F8D-4C99-B915-B3B5F9E4BBFE}.Release|Any CPU.ActiveCfg = Release|Any CPU
		{AA5F0C79-6F8D-4C99-B915-B3B5F9E4BBFE}.Release|Any CPU.Build.0 = Release|Any CPU
		{AED36A6E-801D-47AC-8F03-CE32D6E2A335}.Debug|Any CPU.ActiveCfg = Debug|Any CPU
		{AED36A6E-801D-47AC-8F03-CE32D6E2A335}.Debug|Any CPU.Build.0 = Debug|Any CPU
		{AED36A6E-801D-47AC-8F03-CE32D6E2A335}.Release|Any CPU.ActiveCfg = Release|Any CPU
		{AED36A6E-801D-47AC-8F03-CE32D6E2A335}.Release|Any CPU.Build.0 = Release|Any CPU
		{C916A22B-3B9B-4FEE-A511-499285E70EEC}.Debug|Any CPU.ActiveCfg = Debug|Any CPU
		{C916A22B-3B9B-4FEE-A511-499285E70EEC}.Debug|Any CPU.Build.0 = Debug|Any CPU
		{C916A22B-3B9B-4FEE-A511-499285E70EEC}.Release|Any CPU.ActiveCfg = Release|Any CPU
		{C916A22B-3B9B-4FEE-A511-499285E70EEC}.Release|Any CPU.Build.0 = Release|Any CPU
		{AD3261FE-79A5-4044-8294-B837F78F3A3B}.Debug|Any CPU.ActiveCfg = Debug|Any CPU
		{AD3261FE-79A5-4044-8294-B837F78F3A3B}.Debug|Any CPU.Build.0 = Debug|Any CPU
		{AD3261FE-79A5-4044-8294-B837F78F3A3B}.Release|Any CPU.ActiveCfg = Release|Any CPU
		{AD3261FE-79A5-4044-8294-B837F78F3A3B}.Release|Any CPU.Build.0 = Release|Any CPU
		{2479A79B-15CF-482F-B03E-D0A040E5F3C9}.Debug|Any CPU.ActiveCfg = Debug|Any CPU
		{2479A79B-15CF-482F-B03E-D0A040E5F3C9}.Debug|Any CPU.Build.0 = Debug|Any CPU
		{2479A79B-15CF-482F-B03E-D0A040E5F3C9}.Release|Any CPU.ActiveCfg = Release|Any CPU
		{2479A79B-15CF-482F-B03E-D0A040E5F3C9}.Release|Any CPU.Build.0 = Release|Any CPU
		{1C4CFFBE-B957-473D-9FCE-50D90936FF7D}.Debug|Any CPU.ActiveCfg = Debug|Any CPU
		{1C4CFFBE-B957-473D-9FCE-50D90936FF7D}.Debug|Any CPU.Build.0 = Debug|Any CPU
		{1C4CFFBE-B957-473D-9FCE-50D90936FF7D}.Release|Any CPU.ActiveCfg = Release|Any CPU
		{1C4CFFBE-B957-473D-9FCE-50D90936FF7D}.Release|Any CPU.Build.0 = Release|Any CPU
		{48012765-FE2C-432D-931D-544AB1918BA9}.Debug|Any CPU.ActiveCfg = Debug|Any CPU
		{48012765-FE2C-432D-931D-544AB1918BA9}.Debug|Any CPU.Build.0 = Debug|Any CPU
		{48012765-FE2C-432D-931D-544AB1918BA9}.Release|Any CPU.ActiveCfg = Release|Any CPU
		{48012765-FE2C-432D-931D-544AB1918BA9}.Release|Any CPU.Build.0 = Release|Any CPU
		{BBC161C0-EC28-47E6-9723-BD6119D507C0}.Debug|Any CPU.ActiveCfg = Debug|Any CPU
		{BBC161C0-EC28-47E6-9723-BD6119D507C0}.Debug|Any CPU.Build.0 = Debug|Any CPU
		{BBC161C0-EC28-47E6-9723-BD6119D507C0}.Release|Any CPU.ActiveCfg = Release|Any CPU
		{BBC161C0-EC28-47E6-9723-BD6119D507C0}.Release|Any CPU.Build.0 = Release|Any CPU
		{41E32647-8AB2-4CF9-A90D-A00D2A4CAC93}.Debug|Any CPU.ActiveCfg = Debug|Any CPU
		{41E32647-8AB2-4CF9-A90D-A00D2A4CAC93}.Debug|Any CPU.Build.0 = Debug|Any CPU
		{41E32647-8AB2-4CF9-A90D-A00D2A4CAC93}.Release|Any CPU.ActiveCfg = Release|Any CPU
		{41E32647-8AB2-4CF9-A90D-A00D2A4CAC93}.Release|Any CPU.Build.0 = Release|Any CPU
		{0EBEB94F-3579-448D-813D-29F1AE759DDD}.Debug|Any CPU.ActiveCfg = Debug|Any CPU
		{0EBEB94F-3579-448D-813D-29F1AE759DDD}.Debug|Any CPU.Build.0 = Debug|Any CPU
		{0EBEB94F-3579-448D-813D-29F1AE759DDD}.Release|Any CPU.ActiveCfg = Release|Any CPU
		{0EBEB94F-3579-448D-813D-29F1AE759DDD}.Release|Any CPU.Build.0 = Release|Any CPU
	EndGlobalSection
	GlobalSection(SolutionProperties) = preSolution
		HideSolutionNode = FALSE
	EndGlobalSection
	GlobalSection(NestedProjects) = preSolution
		{83DA84CD-D190-4581-8911-A37B69540D40} = {DB372E4F-AC91-4ECC-BFB1-38577527A0A5}
		{AA5F0C79-6F8D-4C99-B915-B3B5F9E4BBFE} = {DB372E4F-AC91-4ECC-BFB1-38577527A0A5}
		{AED36A6E-801D-47AC-8F03-CE32D6E2A335} = {DB372E4F-AC91-4ECC-BFB1-38577527A0A5}
		{C916A22B-3B9B-4FEE-A511-499285E70EEC} = {DB372E4F-AC91-4ECC-BFB1-38577527A0A5}
		{AD3261FE-79A5-4044-8294-B837F78F3A3B} = {DB372E4F-AC91-4ECC-BFB1-38577527A0A5}
		{2479A79B-15CF-482F-B03E-D0A040E5F3C9} = {DB372E4F-AC91-4ECC-BFB1-38577527A0A5}
		{1C4CFFBE-B957-473D-9FCE-50D90936FF7D} = {DB372E4F-AC91-4ECC-BFB1-38577527A0A5}
		{48012765-FE2C-432D-931D-544AB1918BA9} = {DB372E4F-AC91-4ECC-BFB1-38577527A0A5}
		{BBC161C0-EC28-47E6-9723-BD6119D507C0} = {DB372E4F-AC91-4ECC-BFB1-38577527A0A5}
		{41E32647-8AB2-4CF9-A90D-A00D2A4CAC93} = {DB372E4F-AC91-4ECC-BFB1-38577527A0A5}
		{0EBEB94F-3579-448D-813D-29F1AE759DDD} = {DB372E4F-AC91-4ECC-BFB1-38577527A0A5}
	EndGlobalSection
	GlobalSection(ExtensibilityGlobals) = postSolution
		SolutionGuid = {B2073C2C-0FD3-452B-8047-8134D68E12CE}
	EndGlobalSection
EndGlobal
